PODS:
  - OCMock (3.2)
  - RamblerTyphoonUtils/AssemblyCollector (1.0.0)
  - RamblerTyphoonUtils/AssemblyTesting (1.0.0)
  - Typhoon (3.3.4):
    - Typhoon/no-arc (= 3.3.4)
  - Typhoon/no-arc (3.3.4)
  - ViperMcFlurry (1.1.1):
    - ViperMcFlurry/Core (= 1.1.1)
    - ViperMcFlurry/IntermoduleDataTransfer (= 1.1.1)
  - ViperMcFlurry/Core (1.1.1)
  - ViperMcFlurry/IntermoduleDataTransfer (1.1.1):
    - ViperMcFlurry/Core

DEPENDENCIES:
  - OCMock (~> 3.1)
  - RamblerTyphoonUtils/AssemblyCollector (~> 1.0)
  - RamblerTyphoonUtils/AssemblyTesting (~> 1.0)
  - Typhoon (~> 3.3)
  - ViperMcFlurry (~> 1.1)

SPEC CHECKSUMS:
  OCMock: 28def049ef47f996b515a8eeea958be7ccab2dbb
  RamblerTyphoonUtils: bafad8fd42ca7df9239d2ccb68021ba21d81d741
  Typhoon: 555e580d7edaaf61c5367c2a80c15a0ddb368406
  ViperMcFlurry: e43e6dc4780d9ee9c2893c4aa48b6cd78af602a8

COCOAPODS: 0.38.2
